// !$*UTF8*$!
{
	archiveVersion = 1;
	classes = {
	};
	objectVersion = 46;
	objects = {

/* Begin PBXBuildFile section */
		8616A3111F1EA86B00DBC4C5 /* AppDelegate.swift in Sources */ = {isa = PBXBuildFile; fileRef = 8616A3101F1EA86B00DBC4C5 /* AppDelegate.swift */; };
		8616A3131F1EA86B00DBC4C5 /* TimeZonePickerViewController.swift in Sources */ = {isa = PBXBuildFile; fileRef = 8616A3121F1EA86B00DBC4C5 /* TimeZonePickerViewController.swift */; };
		8616A3161F1EA86B00DBC4C5 /* Main.storyboard in Resources */ = {isa = PBXBuildFile; fileRef = 8616A3141F1EA86B00DBC4C5 /* Main.storyboard */; };
		8616A3181F1EA86B00DBC4C5 /* Assets.xcassets in Resources */ = {isa = PBXBuildFile; fileRef = 8616A3171F1EA86B00DBC4C5 /* Assets.xcassets */; };
		8616A31B1F1EA86B00DBC4C5 /* LaunchScreen.storyboard in Resources */ = {isa = PBXBuildFile; fileRef = 8616A3191F1EA86B00DBC4C5 /* LaunchScreen.storyboard */; };
		8616A3231F1EACAC00DBC4C5 /* TimeZonePickerDataSource.swift in Sources */ = {isa = PBXBuildFile; fileRef = 8616A3221F1EACAC00DBC4C5 /* TimeZonePickerDataSource.swift */; };
		86612C841F1ECBC60014E5F7 /* CitiesAndTimeZones.json in Resources */ = {isa = PBXBuildFile; fileRef = 86612C831F1ECBC60014E5F7 /* CitiesAndTimeZones.json */; };
		86612C861F1EDF730014E5F7 /* TimeZonePickerDelegate.swift in Sources */ = {isa = PBXBuildFile; fileRef = 86612C851F1EDF730014E5F7 /* TimeZonePickerDelegate.swift */; };
		86612C881F1EE1D80014E5F7 /* CityCountryTimeZone.swift in Sources */ = {isa = PBXBuildFile; fileRef = 86612C871F1EE1D80014E5F7 /* CityCountryTimeZone.swift */; };
/* End PBXBuildFile section */

/* Begin PBXFileReference section */
		8616A30D1F1EA86B00DBC4C5 /* TimeZonePicker.app */ = {isa = PBXFileReference; explicitFileType = wrapper.application; includeInIndex = 0; path = TimeZonePicker.app; sourceTree = BUILT_PRODUCTS_DIR; };
		8616A3101F1EA86B00DBC4C5 /* AppDelegate.swift */ = {isa = PBXFileReference; lastKnownFileType = sourcecode.swift; path = AppDelegate.swift; sourceTree = "<group>"; };
		8616A3121F1EA86B00DBC4C5 /* TimeZonePickerViewController.swift */ = {isa = PBXFileReference; lastKnownFileType = sourcecode.swift; path = TimeZonePickerViewController.swift; sourceTree = "<group>"; };
		8616A3151F1EA86B00DBC4C5 /* Base */ = {isa = PBXFileReference; lastKnownFileType = file.storyboard; name = Base; path = Base.lproj/Main.storyboard; sourceTree = "<group>"; };
		8616A3171F1EA86B00DBC4C5 /* Assets.xcassets */ = {isa = PBXFileReference; lastKnownFileType = folder.assetcatalog; path = Assets.xcassets; sourceTree = "<group>"; };
		8616A31A1F1EA86B00DBC4C5 /* Base */ = {isa = PBXFileReference; lastKnownFileType = file.storyboard; name = Base; path = Base.lproj/LaunchScreen.storyboard; sourceTree = "<group>"; };
		8616A31C1F1EA86B00DBC4C5 /* Info.plist */ = {isa = PBXFileReference; lastKnownFileType = text.plist.xml; path = Info.plist; sourceTree = "<group>"; };
		8616A3221F1EACAC00DBC4C5 /* TimeZonePickerDataSource.swift */ = {isa = PBXFileReference; fileEncoding = 4; lastKnownFileType = sourcecode.swift; path = TimeZonePickerDataSource.swift; sourceTree = "<group>"; };
		86612C831F1ECBC60014E5F7 /* CitiesAndTimeZones.json */ = {isa = PBXFileReference; fileEncoding = 4; lastKnownFileType = text.json; path = CitiesAndTimeZones.json; sourceTree = "<group>"; };
		86612C851F1EDF730014E5F7 /* TimeZonePickerDelegate.swift */ = {isa = PBXFileReference; fileEncoding = 4; lastKnownFileType = sourcecode.swift; path = TimeZonePickerDelegate.swift; sourceTree = "<group>"; };
		86612C871F1EE1D80014E5F7 /* CityCountryTimeZone.swift */ = {isa = PBXFileReference; fileEncoding = 4; lastKnownFileType = sourcecode.swift; path = CityCountryTimeZone.swift; sourceTree = "<group>"; };
/* End PBXFileReference section */

/* Begin PBXFrameworksBuildPhase section */
		8616A30A1F1EA86B00DBC4C5 /* Frameworks */ = {
			isa = PBXFrameworksBuildPhase;
			buildActionMask = 2147483647;
			files = (
			);
			runOnlyForDeploymentPostprocessing = 0;
		};
/* End PBXFrameworksBuildPhase section */

/* Begin PBXGroup section */
		8616A3041F1EA86A00DBC4C5 = {
			isa = PBXGroup;
			children = (
				8616A30F1F1EA86B00DBC4C5 /* TimeZonePicker */,
				8616A30E1F1EA86B00DBC4C5 /* Products */,
			);
			sourceTree = "<group>";
		};
		8616A30E1F1EA86B00DBC4C5 /* Products */ = {
			isa = PBXGroup;
			children = (
				8616A30D1F1EA86B00DBC4C5 /* TimeZonePicker.app */,
			);
			name = Products;
			sourceTree = "<group>";
		};
		8616A30F1F1EA86B00DBC4C5 /* TimeZonePicker */ = {
			isa = PBXGroup;
			children = (
				8616A3101F1EA86B00DBC4C5 /* AppDelegate.swift */,
				8616A3171F1EA86B00DBC4C5 /* Assets.xcassets */,
				86612C831F1ECBC60014E5F7 /* CitiesAndTimeZones.json */,
				8616A31C1F1EA86B00DBC4C5 /* Info.plist */,
				8616A3191F1EA86B00DBC4C5 /* LaunchScreen.storyboard */,
				8616A3141F1EA86B00DBC4C5 /* Main.storyboard */,
				8616A3221F1EACAC00DBC4C5 /* TimeZonePickerDataSource.swift */,
				8616A3121F1EA86B00DBC4C5 /* TimeZonePickerViewController.swift */,
				86612C851F1EDF730014E5F7 /* TimeZonePickerDelegate.swift */,
				86612C871F1EE1D80014E5F7 /* CityCountryTimeZone.swift */,
			);
			path = TimeZonePicker;
			sourceTree = "<group>";
		};
/* End PBXGroup section */

/* Begin PBXNativeTarget section */
		8616A30C1F1EA86B00DBC4C5 /* TimeZonePicker */ = {
			isa = PBXNativeTarget;
			buildConfigurationList = 8616A31F1F1EA86B00DBC4C5 /* Build configuration list for PBXNativeTarget "TimeZonePicker" */;
			buildPhases = (
				8616A3091F1EA86B00DBC4C5 /* Sources */,
				8616A30A1F1EA86B00DBC4C5 /* Frameworks */,
				8616A30B1F1EA86B00DBC4C5 /* Resources */,
			);
			buildRules = (
			);
			dependencies = (
			);
			name = TimeZonePicker;
			productName = TimeZonePicker;
			productReference = 8616A30D1F1EA86B00DBC4C5 /* TimeZonePicker.app */;
			productType = "com.apple.product-type.application";
		};
/* End PBXNativeTarget section */

/* Begin PBXProject section */
		8616A3051F1EA86B00DBC4C5 /* Project object */ = {
			isa = PBXProject;
			attributes = {
				LastSwiftUpdateCheck = 0830;
				LastUpgradeCheck = 0830;
				ORGANIZATIONNAME = "Gligor Kotushevski";
				TargetAttributes = {
					8616A30C1F1EA86B00DBC4C5 = {
						CreatedOnToolsVersion = 8.3.3;
						ProvisioningStyle = Automatic;
					};
				};
			};
			buildConfigurationList = 8616A3081F1EA86B00DBC4C5 /* Build configuration list for PBXProject "TimeZonePicker" */;
			compatibilityVersion = "Xcode 3.2";
			developmentRegion = English;
			hasScannedForEncodings = 0;
			knownRegions = (
				en,
				Base,
			);
			mainGroup = 8616A3041F1EA86A00DBC4C5;
			productRefGroup = 8616A30E1F1EA86B00DBC4C5 /* Products */;
			projectDirPath = "";
			projectRoot = "";
			targets = (
				8616A30C1F1EA86B00DBC4C5 /* TimeZonePicker */,
			);
		};
/* End PBXProject section */

/* Begin PBXResourcesBuildPhase section */
		8616A30B1F1EA86B00DBC4C5 /* Resources */ = {
			isa = PBXResourcesBuildPhase;
			buildActionMask = 2147483647;
			files = (
				8616A31B1F1EA86B00DBC4C5 /* LaunchScreen.storyboard in Resources */,
				86612C841F1ECBC60014E5F7 /* CitiesAndTimeZones.json in Resources */,
				8616A3181F1EA86B00DBC4C5 /* Assets.xcassets in Resources */,
				8616A3161F1EA86B00DBC4C5 /* Main.storyboard in Resources */,
			);
			runOnlyForDeploymentPostprocessing = 0;
		};
/* End PBXResourcesBuildPhase section */

/* Begin PBXSourcesBuildPhase section */
		8616A3091F1EA86B00DBC4C5 /* Sources */ = {
			isa = PBXSourcesBuildPhase;
			buildActionMask = 2147483647;
			files = (
				8616A3131F1EA86B00DBC4C5 /* TimeZonePickerViewController.swift in Sources */,
				8616A3111F1EA86B00DBC4C5 /* AppDelegate.swift in Sources */,
				8616A3231F1EACAC00DBC4C5 /* TimeZonePickerDataSource.swift in Sources */,
				86612C881F1EE1D80014E5F7 /* CityCountryTimeZone.swift in Sources */,
				86612C861F1EDF730014E5F7 /* TimeZonePickerDelegate.swift in Sources */,
			);
			runOnlyForDeploymentPostprocessing = 0;
		};
/* End PBXSourcesBuildPhase section */

/* Begin PBXVariantGroup section */
		8616A3141F1EA86B00DBC4C5 /* Main.storyboard */ = {
			isa = PBXVariantGroup;
			children = (
				8616A3151F1EA86B00DBC4C5 /* Base */,
			);
			name = Main.storyboard;
			sourceTree = "<group>";
		};
		8616A3191F1EA86B00DBC4C5 /* LaunchScreen.storyboard */ = {
			isa = PBXVariantGroup;
			children = (
				8616A31A1F1EA86B00DBC4C5 /* Base */,
			);
			name = LaunchScreen.storyboard;
			sourceTree = "<group>";
		};
/* End PBXVariantGroup section */

/* Begin XCBuildConfiguration section */
		8616A31D1F1EA86B00DBC4C5 /* Debug */ = {
			isa = XCBuildConfiguration;
			buildSettings = {
				ALWAYS_SEARCH_USER_PATHS = NO;
				CLANG_ANALYZER_NONNULL = YES;
				CLANG_ANALYZER_NUMBER_OBJECT_CONVERSION = YES_AGGRESSIVE;
				CLANG_CXX_LANGUAGE_STANDARD = "gnu++0x";
				CLANG_CXX_LIBRARY = "libc++";
				CLANG_ENABLE_MODULES = YES;
				CLANG_ENABLE_OBJC_ARC = YES;
				CLANG_WARN_BOOL_CONVERSION = YES;
				CLANG_WARN_CONSTANT_CONVERSION = YES;
				CLANG_WARN_DIRECT_OBJC_ISA_USAGE = YES_ERROR;
				CLANG_WARN_DOCUMENTATION_COMMENTS = YES;
				CLANG_WARN_EMPTY_BODY = YES;
				CLANG_WARN_ENUM_CONVERSION = YES;
				CLANG_WARN_INFINITE_RECURSION = YES;
				CLANG_WARN_INT_CONVERSION = YES;
				CLANG_WARN_OBJC_ROOT_CLASS = YES_ERROR;
				CLANG_WARN_SUSPICIOUS_MOVE = YES;
				CLANG_WARN_UNREACHABLE_CODE = YES;
				CLANG_WARN__DUPLICATE_METHOD_MATCH = YES;
				"CODE_SIGN_IDENTITY[sdk=iphoneos*]" = "iPhone Developer";
				COPY_PHASE_STRIP = NO;
				DEBUG_INFORMATION_FORMAT = dwarf;
				ENABLE_STRICT_OBJC_MSGSEND = YES;
				ENABLE_TESTABILITY = YES;
				GCC_C_LANGUAGE_STANDARD = gnu99;
				GCC_DYNAMIC_NO_PIC = NO;
				GCC_NO_COMMON_BLOCKS = YES;
				GCC_OPTIMIZATION_LEVEL = 0;
				GCC_PREPROCESSOR_DEFINITIONS = (
					"DEBUG=1",
					"$(inherited)",
				);
				GCC_WARN_64_TO_32_BIT_CONVERSION = YES;
				GCC_WARN_ABOUT_RETURN_TYPE = YES_ERROR;
				GCC_WARN_UNDECLARED_SELECTOR = YES;
				GCC_WARN_UNINITIALIZED_AUTOS = YES_AGGRESSIVE;
				GCC_WARN_UNUSED_FUNCTION = YES;
				GCC_WARN_UNUSED_VARIABLE = YES;
				IPHONEOS_DEPLOYMENT_TARGET = 10.3;
				MTL_ENABLE_DEBUG_INFO = YES;
				ONLY_ACTIVE_ARCH = YES;
				SDKROOT = iphoneos;
				SWIFT_ACTIVE_COMPILATION_CONDITIONS = DEBUG;
				SWIFT_OPTIMIZATION_LEVEL = "-Onone";
				TARGETED_DEVICE_FAMILY = "1,2";
			};
			name = Debug;
		};
		8616A31E1F1EA86B00DBC4C5 /* Release */ = {
			isa = XCBuildConfiguration;
			buildSettings = {
				ALWAYS_SEARCH_USER_PATHS = NO;
				CLANG_ANALYZER_NONNULL = YES;
				CLANG_ANALYZER_NUMBER_OBJECT_CONVERSION = YES_AGGRESSIVE;
				CLANG_CXX_LANGUAGE_STANDARD = "gnu++0x";
				CLANG_CXX_LIBRARY = "libc++";
				CLANG_ENABLE_MODULES = YES;
				CLANG_ENABLE_OBJC_ARC = YES;
				CLANG_WARN_BOOL_CONVERSION = YES;
				CLANG_WARN_CONSTANT_CONVERSION = YES;
				CLANG_WARN_DIRECT_OBJC_ISA_USAGE = YES_ERROR;
				CLANG_WARN_DOCUMENTATION_COMMENTS = YES;
				CLANG_WARN_EMPTY_BODY = YES;
				CLANG_WARN_ENUM_CONVERSION = YES;
				CLANG_WARN_INFINITE_RECURSION = YES;
				CLANG_WARN_INT_CONVERSION = YES;
				CLANG_WARN_OBJC_ROOT_CLASS = YES_ERROR;
				CLANG_WARN_SUSPICIOUS_MOVE = YES;
				CLANG_WARN_UNREACHABLE_CODE = YES;
				CLANG_WARN__DUPLICATE_METHOD_MATCH = YES;
				"CODE_SIGN_IDENTITY[sdk=iphoneos*]" = "iPhone Developer";
				COPY_PHASE_STRIP = NO;
				DEBUG_INFORMATION_FORMAT = "dwarf-with-dsym";
				ENABLE_NS_ASSERTIONS = NO;
				ENABLE_STRICT_OBJC_MSGSEND = YES;
				GCC_C_LANGUAGE_STANDARD = gnu99;
				GCC_NO_COMMON_BLOCKS = YES;
				GCC_WARN_64_TO_32_BIT_CONVERSION = YES;
				GCC_WARN_ABOUT_RETURN_TYPE = YES_ERROR;
				GCC_WARN_UNDECLARED_SELECTOR = YES;
				GCC_WARN_UNINITIALIZED_AUTOS = YES_AGGRESSIVE;
				GCC_WARN_UNUSED_FUNCTION = YES;
				GCC_WARN_UNUSED_VARIABLE = YES;
				IPHONEOS_DEPLOYMENT_TARGET = 10.3;
				MTL_ENABLE_DEBUG_INFO = NO;
				SDKROOT = iphoneos;
				SWIFT_OPTIMIZATION_LEVEL = "-Owholemodule";
				TARGETED_DEVICE_FAMILY = "1,2";
				VALIDATE_PRODUCT = YES;
			};
			name = Release;
		};
		8616A3201F1EA86B00DBC4C5 /* Debug */ = {
			isa = XCBuildConfiguration;
			buildSettings = {
				ASSETCATALOG_COMPILER_APPICON_NAME = AppIcon;
				INFOPLIST_FILE = TimeZonePicker/Info.plist;
				LD_RUNPATH_SEARCH_PATHS = "$(inherited) @executable_path/Frameworks";
				PRODUCT_BUNDLE_IDENTIFIER = com.gligork.TimeZonePicker;
				PRODUCT_NAME = "$(TARGET_NAME)";
				SWIFT_VERSION = 3.0;
			};
			name = Debug;
		};
		8616A3211F1EA86B00DBC4C5 /* Release */ = {
			isa = XCBuildConfiguration;
			buildSettings = {
				ASSETCATALOG_COMPILER_APPICON_NAME = AppIcon;
				INFOPLIST_FILE = TimeZonePicker/Info.plist;
				LD_RUNPATH_SEARCH_PATHS = "$(inherited) @executable_path/Frameworks";
				PRODUCT_BUNDLE_IDENTIFIER = com.gligork.TimeZonePicker;
				PRODUCT_NAME = "$(TARGET_NAME)";
				SWIFT_VERSION = 3.0;
			};
			name = Release;
		};
/* End XCBuildConfiguration section */

/* Begin XCConfigurationList section */
		8616A3081F1EA86B00DBC4C5 /* Build configuration list for PBXProject "TimeZonePicker" */ = {
			isa = XCConfigurationList;
			buildConfigurations = (
				8616A31D1F1EA86B00DBC4C5 /* Debug */,
				8616A31E1F1EA86B00DBC4C5 /* Release */,
			);
			defaultConfigurationIsVisible = 0;
			defaultConfigurationName = Release;
		};
		8616A31F1F1EA86B00DBC4C5 /* Build configuration list for PBXNativeTarget "TimeZonePicker" */ = {
			isa = XCConfigurationList;
			buildConfigurations = (
				8616A3201F1EA86B00DBC4C5 /* Debug */,
				8616A3211F1EA86B00DBC4C5 /* Release */,
			);
			defaultConfigurationIsVisible = 0;
			defaultConfigurationName = Release;
		};
/* End XCConfigurationList section */
	};
	rootObject = 8616A3051F1EA86B00DBC4C5 /* Project object */;
}
